{
  "name": "idskage",
  "version": "1.0.0",
  "lockfileVersion": 3,
  "requires": true,
  "packages": {
    "": {
      "name": "idskage",
      "version": "1.0.0",
      "license": "ISC",
      "dependencies": {
        "@kurgm/kage-engine": "^0.4.0"
      }
    },
    "node_modules/@kurgm/kage-engine": {
      "version": "0.4.0",
      "resolved": "https://registry.npmjs.org/@kurgm/kage-engine/-/kage-engine-0.4.0.tgz",
      "integrity": "sha512-Gz1MoqrNRmY5o8hwLbPFPBjaI1mAsZrqC5jvF6cI104fY2Oe4e1qQI+GlO6s15jMLbY/Iq2Zr3A9WxomdoqwNw=="
    }
  }
}
